
Microsoft Visual Studio Solution File, Format Version 12.00
# Visual Studio Version 17
VisualStudioVersion = 17.13.35806.99
MinimumVisualStudioVersion = 10.0.40219.1
Project("{2150E333-8FDC-42A3-9474-1A3956D46DE8}") = "tests", "tests", "{02EA681E-C7D8-13C7-8484-4AC65E1B71E8}"
EndProject
Project("{2150E333-8FDC-42A3-9474-1A3956D46DE8}") = "Solution Items", "Solution Items", "{8EC462FD-D22E-90A8-E5CE-7E832BA40C5D}"
	ProjectSection(SolutionItems) = preProject
		README.md = README.md
	EndProjectSection
EndProject
Project("{2150E333-8FDC-42A3-9474-1A3956D46DE8}") = "src", "src", "{7380E8A6-250E-4238-B5CA-79D5B6E4BCE7}"
EndProject
Project("{FAE04EC0-301F-11D3-BF4B-00C04F79EFBC}") = "OldPhone.Core.Processor", "src\OldPhone.Core.Processor\OldPhone.Core.Processor.csproj", "{3CCABDC6-7DAB-68B1-D3E1-BAFC8E905CEB}"
EndProject
Project("{FAE04EC0-301F-11D3-BF4B-00C04F79EFBC}") = "OldPhone.UI.ConsoleApp", "src\OldPhone.UI.ConsoleApp\OldPhone.UI.ConsoleApp.csproj", "{F8EDB9C8-8F5B-D273-AFB2-5128FFE96590}"
EndProject
Project("{FAE04EC0-301F-11D3-BF4B-00C04F79EFBC}") = "OldPhone.Core.Processor.Tests", "tests\OldPhone.Core.Processor.Tests\OldPhone.Core.Processor.Tests.csproj", "{E0AE01DF-E7D2-921B-9DD6-E6BACE318D93}"
EndProject
Project("{FAE04EC0-301F-11D3-BF4B-00C04F79EFBC}") = "OldPhone.UI.MultiApp", "src\OldPhone.UI\OldPhone.UI\OldPhone.UI.MultiApp.csproj", "{F18C5247-686D-40C9-A4C2-523857F49602}"
EndProject
Project("{FAE04EC0-301F-11D3-BF4B-00C04F79EFBC}") = "OldPhone.UI.Shared", "src\OldPhone.UI\OldPhone.UI.Shared\OldPhone.UI.Shared.csproj", "{4290013B-858A-4DC1-93CC-1AC918BD80C4}"
EndProject
Project("{FAE04EC0-301F-11D3-BF4B-00C04F79EFBC}") = "OldPhone.UI.Web", "src\OldPhone.UI\OldPhone.UI.Web\OldPhone.UI.Web.csproj", "{CF4B482A-E4BF-4365-993A-23D11EE85EB4}"
EndProject
Project("{FAE04EC0-301F-11D3-BF4B-00C04F79EFBC}") = "OldPhone.UI.Web.Client", "src\OldPhone.UI\OldPhone.UI.Web.Client\OldPhone.UI.Web.Client.csproj", "{653E5709-9A64-4149-9BDD-77C243B4EF64}"
EndProject
Global
	GlobalSection(SolutionConfigurationPlatforms) = preSolution
		Debug|Any CPU = Debug|Any CPU
		Debug|x64 = Debug|x64
		Debug|x86 = Debug|x86
		Release|Any CPU = Release|Any CPU
		Release|x64 = Release|x64
		Release|x86 = Release|x86
	EndGlobalSection
	GlobalSection(ProjectConfigurationPlatforms) = postSolution
		{3CCABDC6-7DAB-68B1-D3E1-BAFC8E905CEB}.Debug|Any CPU.ActiveCfg = Debug|Any CPU
		{3CCABDC6-7DAB-68B1-D3E1-BAFC8E905CEB}.Debug|Any CPU.Build.0 = Debug|Any CPU
		{3CCABDC6-7DAB-68B1-D3E1-BAFC8E905CEB}.Debug|x64.ActiveCfg = Debug|Any CPU
		{3CCABDC6-7DAB-68B1-D3E1-BAFC8E905CEB}.Debug|x64.Build.0 = Debug|Any CPU
		{3CCABDC6-7DAB-68B1-D3E1-BAFC8E905CEB}.Debug|x86.ActiveCfg = Debug|Any CPU
		{3CCABDC6-7DAB-68B1-D3E1-BAFC8E905CEB}.Debug|x86.Build.0 = Debug|Any CPU
		{3CCABDC6-7DAB-68B1-D3E1-BAFC8E905CEB}.Release|Any CPU.ActiveCfg = Release|Any CPU
		{3CCABDC6-7DAB-68B1-D3E1-BAFC8E905CEB}.Release|Any CPU.Build.0 = Release|Any CPU
		{3CCABDC6-7DAB-68B1-D3E1-BAFC8E905CEB}.Release|x64.ActiveCfg = Release|Any CPU
		{3CCABDC6-7DAB-68B1-D3E1-BAFC8E905CEB}.Release|x64.Build.0 = Release|Any CPU
		{3CCABDC6-7DAB-68B1-D3E1-BAFC8E905CEB}.Release|x86.ActiveCfg = Release|Any CPU
		{3CCABDC6-7DAB-68B1-D3E1-BAFC8E905CEB}.Release|x86.Build.0 = Release|Any CPU
		{F8EDB9C8-8F5B-D273-AFB2-5128FFE96590}.Debug|Any CPU.ActiveCfg = Debug|Any CPU
		{F8EDB9C8-8F5B-D273-AFB2-5128FFE96590}.Debug|Any CPU.Build.0 = Debug|Any CPU
		{F8EDB9C8-8F5B-D273-AFB2-5128FFE96590}.Debug|x64.ActiveCfg = Debug|Any CPU
		{F8EDB9C8-8F5B-D273-AFB2-5128FFE96590}.Debug|x64.Build.0 = Debug|Any CPU
		{F8EDB9C8-8F5B-D273-AFB2-5128FFE96590}.Debug|x86.ActiveCfg = Debug|Any CPU
		{F8EDB9C8-8F5B-D273-AFB2-5128FFE96590}.Debug|x86.Build.0 = Debug|Any CPU
		{F8EDB9C8-8F5B-D273-AFB2-5128FFE96590}.Release|Any CPU.ActiveCfg = Release|Any CPU
		{F8EDB9C8-8F5B-D273-AFB2-5128FFE96590}.Release|Any CPU.Build.0 = Release|Any CPU
		{F8EDB9C8-8F5B-D273-AFB2-5128FFE96590}.Release|x64.ActiveCfg = Release|Any CPU
		{F8EDB9C8-8F5B-D273-AFB2-5128FFE96590}.Release|x64.Build.0 = Release|Any CPU
		{F8EDB9C8-8F5B-D273-AFB2-5128FFE96590}.Release|x86.ActiveCfg = Release|Any CPU
		{F8EDB9C8-8F5B-D273-AFB2-5128FFE96590}.Release|x86.Build.0 = Release|Any CPU
		{E0AE01DF-E7D2-921B-9DD6-E6BACE318D93}.Debug|Any CPU.ActiveCfg = Debug|Any CPU
		{E0AE01DF-E7D2-921B-9DD6-E6BACE318D93}.Debug|Any CPU.Build.0 = Debug|Any CPU
		{E0AE01DF-E7D2-921B-9DD6-E6BACE318D93}.Debug|x64.ActiveCfg = Debug|Any CPU
		{E0AE01DF-E7D2-921B-9DD6-E6BACE318D93}.Debug|x64.Build.0 = Debug|Any CPU
		{E0AE01DF-E7D2-921B-9DD6-E6BACE318D93}.Debug|x86.ActiveCfg = Debug|Any CPU
		{E0AE01DF-E7D2-921B-9DD6-E6BACE318D93}.Debug|x86.Build.0 = Debug|Any CPU
		{E0AE01DF-E7D2-921B-9DD6-E6BACE318D93}.Release|Any CPU.ActiveCfg = Release|Any CPU
		{E0AE01DF-E7D2-921B-9DD6-E6BACE318D93}.Release|Any CPU.Build.0 = Release|Any CPU
		{E0AE01DF-E7D2-921B-9DD6-E6BACE318D93}.Release|x64.ActiveCfg = Release|Any CPU
		{E0AE01DF-E7D2-921B-9DD6-E6BACE318D93}.Release|x64.Build.0 = Release|Any CPU
		{E0AE01DF-E7D2-921B-9DD6-E6BACE318D93}.Release|x86.ActiveCfg = Release|Any CPU
		{E0AE01DF-E7D2-921B-9DD6-E6BACE318D93}.Release|x86.Build.0 = Release|Any CPU
		{F18C5247-686D-40C9-A4C2-523857F49602}.Debug|Any CPU.ActiveCfg = Debug|Any CPU
		{F18C5247-686D-40C9-A4C2-523857F49602}.Debug|Any CPU.Build.0 = Debug|Any CPU
		{F18C5247-686D-40C9-A4C2-523857F49602}.Debug|x64.ActiveCfg = Debug|Any CPU
		{F18C5247-686D-40C9-A4C2-523857F49602}.Debug|x64.Build.0 = Debug|Any CPU
		{F18C5247-686D-40C9-A4C2-523857F49602}.Debug|x86.ActiveCfg = Debug|Any CPU
		{F18C5247-686D-40C9-A4C2-523857F49602}.Debug|x86.Build.0 = Debug|Any CPU
		{F18C5247-686D-40C9-A4C2-523857F49602}.Release|Any CPU.ActiveCfg = Release|Any CPU
		{F18C5247-686D-40C9-A4C2-523857F49602}.Release|Any CPU.Build.0 = Release|Any CPU
		{F18C5247-686D-40C9-A4C2-523857F49602}.Release|x64.ActiveCfg = Release|Any CPU
		{F18C5247-686D-40C9-A4C2-523857F49602}.Release|x64.Build.0 = Release|Any CPU
		{F18C5247-686D-40C9-A4C2-523857F49602}.Release|x86.ActiveCfg = Release|Any CPU
		{F18C5247-686D-40C9-A4C2-523857F49602}.Release|x86.Build.0 = Release|Any CPU
		{4290013B-858A-4DC1-93CC-1AC918BD80C4}.Debug|Any CPU.ActiveCfg = Debug|Any CPU
		{4290013B-858A-4DC1-93CC-1AC918BD80C4}.Debug|Any CPU.Build.0 = Debug|Any CPU
		{4290013B-858A-4DC1-93CC-1AC918BD80C4}.Debug|x64.ActiveCfg = Debug|Any CPU
		{4290013B-858A-4DC1-93CC-1AC918BD80C4}.Debug|x64.Build.0 = Debug|Any CPU
		{4290013B-858A-4DC1-93CC-1AC918BD80C4}.Debug|x86.ActiveCfg = Debug|Any CPU
		{4290013B-858A-4DC1-93CC-1AC918BD80C4}.Debug|x86.Build.0 = Debug|Any CPU
		{4290013B-858A-4DC1-93CC-1AC918BD80C4}.Release|Any CPU.ActiveCfg = Release|Any CPU
		{4290013B-858A-4DC1-93CC-1AC918BD80C4}.Release|Any CPU.Build.0 = Release|Any CPU
		{4290013B-858A-4DC1-93CC-1AC918BD80C4}.Release|x64.ActiveCfg = Release|Any CPU
		{4290013B-858A-4DC1-93CC-1AC918BD80C4}.Release|x64.Build.0 = Release|Any CPU
		{4290013B-858A-4DC1-93CC-1AC918BD80C4}.Release|x86.ActiveCfg = Release|Any CPU
		{4290013B-858A-4DC1-93CC-1AC918BD80C4}.Release|x86.Build.0 = Release|Any CPU
		{CF4B482A-E4BF-4365-993A-23D11EE85EB4}.Debug|Any CPU.ActiveCfg = Debug|Any CPU
		{CF4B482A-E4BF-4365-993A-23D11EE85EB4}.Debug|Any CPU.Build.0 = Debug|Any CPU
		{CF4B482A-E4BF-4365-993A-23D11EE85EB4}.Debug|x64.ActiveCfg = Debug|Any CPU
		{CF4B482A-E4BF-4365-993A-23D11EE85EB4}.Debug|x64.Build.0 = Debug|Any CPU
		{CF4B482A-E4BF-4365-993A-23D11EE85EB4}.Debug|x86.ActiveCfg = Debug|Any CPU
		{CF4B482A-E4BF-4365-993A-23D11EE85EB4}.Debug|x86.Build.0 = Debug|Any CPU
		{CF4B482A-E4BF-4365-993A-23D11EE85EB4}.Release|Any CPU.ActiveCfg = Release|Any CPU
		{CF4B482A-E4BF-4365-993A-23D11EE85EB4}.Release|Any CPU.Build.0 = Release|Any CPU
		{CF4B482A-E4BF-4365-993A-23D11EE85EB4}.Release|x64.ActiveCfg = Release|Any CPU
		{CF4B482A-E4BF-4365-993A-23D11EE85EB4}.Release|x64.Build.0 = Release|Any CPU
		{CF4B482A-E4BF-4365-993A-23D11EE85EB4}.Release|x86.ActiveCfg = Release|Any CPU
		{CF4B482A-E4BF-4365-993A-23D11EE85EB4}.Release|x86.Build.0 = Release|Any CPU
		{653E5709-9A64-4149-9BDD-77C243B4EF64}.Debug|Any CPU.ActiveCfg = Debug|Any CPU
		{653E5709-9A64-4149-9BDD-77C243B4EF64}.Debug|Any CPU.Build.0 = Debug|Any CPU
		{653E5709-9A64-4149-9BDD-77C243B4EF64}.Debug|x64.ActiveCfg = Debug|Any CPU
		{653E5709-9A64-4149-9BDD-77C243B4EF64}.Debug|x64.Build.0 = Debug|Any CPU
		{653E5709-9A64-4149-9BDD-77C243B4EF64}.Debug|x86.ActiveCfg = Debug|Any CPU
		{653E5709-9A64-4149-9BDD-77C243B4EF64}.Debug|x86.Build.0 = Debug|Any CPU
		{653E5709-9A64-4149-9BDD-77C243B4EF64}.Release|Any CPU.ActiveCfg = Release|Any CPU
		{653E5709-9A64-4149-9BDD-77C243B4EF64}.Release|Any CPU.Build.0 = Release|Any CPU
		{653E5709-9A64-4149-9BDD-77C243B4EF64}.Release|x64.ActiveCfg = Release|Any CPU
		{653E5709-9A64-4149-9BDD-77C243B4EF64}.Release|x64.Build.0 = Release|Any CPU
		{653E5709-9A64-4149-9BDD-77C243B4EF64}.Release|x86.ActiveCfg = Release|Any CPU
		{653E5709-9A64-4149-9BDD-77C243B4EF64}.Release|x86.Build.0 = Release|Any CPU
	EndGlobalSection
	GlobalSection(SolutionProperties) = preSolution
		HideSolutionNode = FALSE
	EndGlobalSection
	GlobalSection(NestedProjects) = preSolution
		{3CCABDC6-7DAB-68B1-D3E1-BAFC8E905CEB} = {7380E8A6-250E-4238-B5CA-79D5B6E4BCE7}
		{F8EDB9C8-8F5B-D273-AFB2-5128FFE96590} = {7380E8A6-250E-4238-B5CA-79D5B6E4BCE7}
		{E0AE01DF-E7D2-921B-9DD6-E6BACE318D93} = {02EA681E-C7D8-13C7-8484-4AC65E1B71E8}
		{F18C5247-686D-40C9-A4C2-523857F49602} = {7380E8A6-250E-4238-B5CA-79D5B6E4BCE7}
		{4290013B-858A-4DC1-93CC-1AC918BD80C4} = {7380E8A6-250E-4238-B5CA-79D5B6E4BCE7}
		{CF4B482A-E4BF-4365-993A-23D11EE85EB4} = {7380E8A6-250E-4238-B5CA-79D5B6E4BCE7}
		{653E5709-9A64-4149-9BDD-77C243B4EF64} = {7380E8A6-250E-4238-B5CA-79D5B6E4BCE7}
	EndGlobalSection
	GlobalSection(ExtensibilityGlobals) = postSolution
		SolutionGuid = {0F4474C8-4C1B-4CFF-A759-2FDB8649ADE2}
	EndGlobalSection
EndGlobal
